// !$*UTF8*$!
{
	archiveVersion = 1;
	classes = {
	};
	objectVersion = 56;
	objects = {

/* Begin PBXBuildFile section */
		6C010EC42A2738DC00538D83 /* MainViewModel.swift in Sources */ = {isa = PBXBuildFile; fileRef = 6C010EC32A2738DC00538D83 /* MainViewModel.swift */; };
		6C010EC62A274D9D00538D83 /* MainView.swift in Sources */ = {isa = PBXBuildFile; fileRef = 6C010EC52A274D9D00538D83 /* MainView.swift */; };
		6C0C1D972A52C51E00E461CC /* PaywallView.swift in Sources */ = {isa = PBXBuildFile; fileRef = 6C0C1D962A52C51E00E461CC /* PaywallView.swift */; };
		6C0EC6792A35E3B80058A372 /* MyVocabuleryView.swift in Sources */ = {isa = PBXBuildFile; fileRef = 6C0EC6782A35E3B80058A372 /* MyVocabuleryView.swift */; };
		6C0EC67B2A35E3C10058A372 /* MyNotesView.swift in Sources */ = {isa = PBXBuildFile; fileRef = 6C0EC67A2A35E3C10058A372 /* MyNotesView.swift */; };
		6C0EC67D2A35FF4E0058A372 /* SettingsOptionContainers.swift in Sources */ = {isa = PBXBuildFile; fileRef = 6C0EC67C2A35FF4E0058A372 /* SettingsOptionContainers.swift */; };
		6C12B9132A4DE47000FB54CF /* OffsetModifier.swift in Sources */ = {isa = PBXBuildFile; fileRef = 6C12B9122A4DE47000FB54CF /* OffsetModifier.swift */; };
		6C15FAE62A31CBCB00C77AB1 /* Color+Extension.swift in Sources */ = {isa = PBXBuildFile; fileRef = 6C15FAE52A31CBCB00C77AB1 /* Color+Extension.swift */; };
		6C15FAE82A31D24200C77AB1 /* PageHeader.swift in Sources */ = {isa = PBXBuildFile; fileRef = 6C15FAE72A31D24200C77AB1 /* PageHeader.swift */; };
		6C15FAEA2A31D83300C77AB1 /* ContinueSection.swift in Sources */ = {isa = PBXBuildFile; fileRef = 6C15FAE92A31D83300C77AB1 /* ContinueSection.swift */; };
		6C15FAF42A31FC1000C77AB1 /* StoryPreview.swift in Sources */ = {isa = PBXBuildFile; fileRef = 6C15FAF32A31FC1000C77AB1 /* StoryPreview.swift */; };
		6C17B6472A30FCB100552CB7 /* Icons.swift in Sources */ = {isa = PBXBuildFile; fileRef = 6C17B6462A30FCB100552CB7 /* Icons.swift */; };
		6C17B64A2A30FD9100552CB7 /* TabModel.swift in Sources */ = {isa = PBXBuildFile; fileRef = 6C17B6492A30FD9100552CB7 /* TabModel.swift */; };
		6C17B64C2A30FDE400552CB7 /* Strings.swift in Sources */ = {isa = PBXBuildFile; fileRef = 6C17B64B2A30FDE400552CB7 /* Strings.swift */; };
		6C17B64E2A31037000552CB7 /* VocabularyView.swift in Sources */ = {isa = PBXBuildFile; fileRef = 6C17B64D2A31037000552CB7 /* VocabularyView.swift */; };
		6C17B6502A31037C00552CB7 /* ProfileView.swift in Sources */ = {isa = PBXBuildFile; fileRef = 6C17B64F2A31037C00552CB7 /* ProfileView.swift */; };
		6C17B6522A31038900552CB7 /* SettingsView.swift in Sources */ = {isa = PBXBuildFile; fileRef = 6C17B6512A31038900552CB7 /* SettingsView.swift */; };
		6C17B6562A31058300552CB7 /* MainTabView.swift in Sources */ = {isa = PBXBuildFile; fileRef = 6C17B6552A31058300552CB7 /* MainTabView.swift */; };
		6C1929A82A38902600A6E9C2 /* PlaybackControlButtons.swift in Sources */ = {isa = PBXBuildFile; fileRef = 6C1929A72A38902600A6E9C2 /* PlaybackControlButtons.swift */; };
		6C1929AB2A38A75E00A6E9C2 /* VocabuleryBoxes.swift in Sources */ = {isa = PBXBuildFile; fileRef = 6C1929AA2A38A75E00A6E9C2 /* VocabuleryBoxes.swift */; };
		6C1B49BE2A0D263700428512 /* LearnEnglishWithStoriesApp.swift in Sources */ = {isa = PBXBuildFile; fileRef = 6C1B49BD2A0D263700428512 /* LearnEnglishWithStoriesApp.swift */; };
		6C1B49C02A0D263700428512 /* ContentView.swift in Sources */ = {isa = PBXBuildFile; fileRef = 6C1B49BF2A0D263700428512 /* ContentView.swift */; };
		6C1B49C22A0D263800428512 /* Assets.xcassets in Resources */ = {isa = PBXBuildFile; fileRef = 6C1B49C12A0D263800428512 /* Assets.xcassets */; };
		6C1B49C52A0D263800428512 /* Preview Assets.xcassets in Resources */ = {isa = PBXBuildFile; fileRef = 6C1B49C42A0D263800428512 /* Preview Assets.xcassets */; };
		6C1B49C72A0D263800428512 /* Persistence.swift in Sources */ = {isa = PBXBuildFile; fileRef = 6C1B49C62A0D263800428512 /* Persistence.swift */; };
		6C1B49CA2A0D263800428512 /* LearnEnglishWithStories.xcdatamodeld in Sources */ = {isa = PBXBuildFile; fileRef = 6C1B49C82A0D263800428512 /* LearnEnglishWithStories.xcdatamodeld */; };
		6C1B49D42A0D281300428512 /* FeatuderImages.swift in Sources */ = {isa = PBXBuildFile; fileRef = 6C1B49D32A0D281300428512 /* FeatuderImages.swift */; };
		6C29D8642A321EB300D0408B /* StoryPreviewHeader.swift in Sources */ = {isa = PBXBuildFile; fileRef = 6C29D8632A321EB300D0408B /* StoryPreviewHeader.swift */; };
		6C3276062A4C2026009ECD1F /* FeaturedNews.swift in Sources */ = {isa = PBXBuildFile; fileRef = 6C3276052A4C2026009ECD1F /* FeaturedNews.swift */; };
		6C3276092A4C4531009ECD1F /* ArchiveService.swift in Sources */ = {isa = PBXBuildFile; fileRef = 6C3276082A4C4531009ECD1F /* ArchiveService.swift */; };
		6C3442A22A27325D0086CB33 /* StoryScreen.swift in Sources */ = {isa = PBXBuildFile; fileRef = 6C3442A12A27325D0086CB33 /* StoryScreen.swift */; };
		6C3816B02A30A22C000E498F /* DialogsFeatured.swift in Sources */ = {isa = PBXBuildFile; fileRef = 6C3816AF2A30A22C000E498F /* DialogsFeatured.swift */; };
		6C3DF1DE2A44714B00A3EFCC /* AuthHeader.swift in Sources */ = {isa = PBXBuildFile; fileRef = 6C3DF1DD2A44714B00A3EFCC /* AuthHeader.swift */; };
		6C44ECB82A3DAF6600053B8F /* UserModel.swift in Sources */ = {isa = PBXBuildFile; fileRef = 6C44ECB72A3DAF6600053B8F /* UserModel.swift */; };
		6C55FC362A348320000DFCEC /* TextFieldAnimation.swift in Sources */ = {isa = PBXBuildFile; fileRef = 6C55FC352A348320000DFCEC /* TextFieldAnimation.swift */; };
		6C59AAE32A40862F00CBAAE9 /* Kingfisher in Frameworks */ = {isa = PBXBuildFile; productRef = 6C59AAE22A40862F00CBAAE9 /* Kingfisher */; };
		6C701AEC2A3DFF1F00D21E2E /* DialogContainer.swift in Sources */ = {isa = PBXBuildFile; fileRef = 6C701AEB2A3DFF1F00D21E2E /* DialogContainer.swift */; };
		6C701AEE2A3F02BC00D21E2E /* GoogleService-Info.plist in Resources */ = {isa = PBXBuildFile; fileRef = 6C701AED2A3F02BC00D21E2E /* GoogleService-Info.plist */; };
		6C701AF12A3F038B00D21E2E /* FirebaseAuth in Frameworks */ = {isa = PBXBuildFile; productRef = 6C701AF02A3F038B00D21E2E /* FirebaseAuth */; };
		6C701AF32A3F038B00D21E2E /* FirebaseDatabase in Frameworks */ = {isa = PBXBuildFile; productRef = 6C701AF22A3F038B00D21E2E /* FirebaseDatabase */; };
		6C701AF52A3F038B00D21E2E /* FirebaseFirestore in Frameworks */ = {isa = PBXBuildFile; productRef = 6C701AF42A3F038B00D21E2E /* FirebaseFirestore */; };
		6C701AF72A3F038B00D21E2E /* FirebaseStorage in Frameworks */ = {isa = PBXBuildFile; productRef = 6C701AF62A3F038B00D21E2E /* FirebaseStorage */; };
		6C701AF92A3F12C000D21E2E /* ArticlesViewModel.swift in Sources */ = {isa = PBXBuildFile; fileRef = 6C701AF82A3F12C000D21E2E /* ArticlesViewModel.swift */; };
		6C70AF882A424C1C00BA69A6 /* SplashView.swift in Sources */ = {isa = PBXBuildFile; fileRef = 6C70AF872A424C1C00BA69A6 /* SplashView.swift */; };
		6CAE86D92A4443F300F2DE58 /* PageSettingsDialogView.swift in Sources */ = {isa = PBXBuildFile; fileRef = 6CAE86D82A4443F300F2DE58 /* PageSettingsDialogView.swift */; };
		6CAE86DC2A444A5000F2DE58 /* AuthenticationWithMail.swift in Sources */ = {isa = PBXBuildFile; fileRef = 6CAE86DB2A444A5000F2DE58 /* AuthenticationWithMail.swift */; };
		6CC187852A26042900F9E803 /* StoryView.swift in Sources */ = {isa = PBXBuildFile; fileRef = 6CC187842A26042900F9E803 /* StoryView.swift */; };
		6CC2C4C22A332F8B00074C1E /* View+Extension.swift in Sources */ = {isa = PBXBuildFile; fileRef = 6CC2C4C12A332F8B00074C1E /* View+Extension.swift */; };
		6CC9E9912A457AA500B0926A /* LabelDivider.swift in Sources */ = {isa = PBXBuildFile; fileRef = 6CC9E9902A457AA500B0926A /* LabelDivider.swift */; };
		6CC9E9932A4598AF00B0926A /* SignupView.swift in Sources */ = {isa = PBXBuildFile; fileRef = 6CC9E9922A4598AF00B0926A /* SignupView.swift */; };
		6CCBA09F2A4A14A9000A9F78 /* ArticleHeadline.swift in Sources */ = {isa = PBXBuildFile; fileRef = 6CCBA09E2A4A14A9000A9F78 /* ArticleHeadline.swift */; };
		6CCBA0A12A4A156E000A9F78 /* FirebaseFirestoreSwift in Frameworks */ = {isa = PBXBuildFile; productRef = 6CCBA0A02A4A156E000A9F78 /* FirebaseFirestoreSwift */; };
		6CCBA0A52A4A163A000A9F78 /* ArticleModel.swift in Sources */ = {isa = PBXBuildFile; fileRef = 6CCBA0A42A4A163A000A9F78 /* ArticleModel.swift */; };
		6CD728D92A2B56AA00A9A110 /* Font+Extension.swift in Sources */ = {isa = PBXBuildFile; fileRef = 6CD728D82A2B56AA00A9A110 /* Font+Extension.swift */; };
		6CD728E12A2B5BA200A9A110 /* FeaturedView.swift in Sources */ = {isa = PBXBuildFile; fileRef = 6CD728E02A2B5BA200A9A110 /* FeaturedView.swift */; };
		6CDA2A932A39F61B00535EDA /* 1_2.mp3 in Resources */ = {isa = PBXBuildFile; fileRef = 6CDA2A922A39F61B00535EDA /* 1_2.mp3 */; };
		6CDD15C72A3B4FC500C40080 /* StoryScreenViewModel.swift in Sources */ = {isa = PBXBuildFile; fileRef = 6CDD15C62A3B4FC500C40080 /* StoryScreenViewModel.swift */; };
		6CDD15C92A3B672100C40080 /* LastlyAdded.swift in Sources */ = {isa = PBXBuildFile; fileRef = 6CDD15C82A3B672100C40080 /* LastlyAdded.swift */; };
		6CDD15CB2A3B67E800C40080 /* LastlyAddedView.swift in Sources */ = {isa = PBXBuildFile; fileRef = 6CDD15CA2A3B67E800C40080 /* LastlyAddedView.swift */; };
		6CE66B322A4CBFD200B1E502 /* ArchiveViewModel.swift in Sources */ = {isa = PBXBuildFile; fileRef = 6CE66B312A4CBFD200B1E502 /* ArchiveViewModel.swift */; };
		6CE66B342A4CC89E00B1E502 /* ReadNow.swift in Sources */ = {isa = PBXBuildFile; fileRef = 6CE66B332A4CC89E00B1E502 /* ReadNow.swift */; };
		6CE7081B2A374A7000B8C853 /* LevelBar.swift in Sources */ = {isa = PBXBuildFile; fileRef = 6CE7081A2A374A7000B8C853 /* LevelBar.swift */; };
		6CE7081D2A374AF700B8C853 /* MedalView.swift in Sources */ = {isa = PBXBuildFile; fileRef = 6CE7081C2A374AF700B8C853 /* MedalView.swift */; };
		6CE7081F2A3752DA00B8C853 /* MedalModel.swift in Sources */ = {isa = PBXBuildFile; fileRef = 6CE7081E2A3752DA00B8C853 /* MedalModel.swift */; };
		6CEFB6022A45EE6E0024AFFF /* AuthViewModel.swift in Sources */ = {isa = PBXBuildFile; fileRef = 6CEFB6012A45EE6E0024AFFF /* AuthViewModel.swift */; };
		6CEFB6072A4622E40024AFFF /* SlidingWelcomes.swift in Sources */ = {isa = PBXBuildFile; fileRef = 6CEFB6062A4622E40024AFFF /* SlidingWelcomes.swift */; };
/* End PBXBuildFile section */

/* Begin PBXFileReference section */
		6C010EC32A2738DC00538D83 /* MainViewModel.swift */ = {isa = PBXFileReference; lastKnownFileType = sourcecode.swift; path = MainViewModel.swift; sourceTree = "<group>"; };
		6C010EC52A274D9D00538D83 /* MainView.swift */ = {isa = PBXFileReference; lastKnownFileType = sourcecode.swift; path = MainView.swift; sourceTree = "<group>"; };
		6C0C1D962A52C51E00E461CC /* PaywallView.swift */ = {isa = PBXFileReference; lastKnownFileType = sourcecode.swift; path = PaywallView.swift; sourceTree = "<group>"; };
		6C0EC6782A35E3B80058A372 /* MyVocabuleryView.swift */ = {isa = PBXFileReference; lastKnownFileType = sourcecode.swift; path = MyVocabuleryView.swift; sourceTree = "<group>"; };
		6C0EC67A2A35E3C10058A372 /* MyNotesView.swift */ = {isa = PBXFileReference; lastKnownFileType = sourcecode.swift; path = MyNotesView.swift; sourceTree = "<group>"; };
		6C0EC67C2A35FF4E0058A372 /* SettingsOptionContainers.swift */ = {isa = PBXFileReference; lastKnownFileType = sourcecode.swift; path = SettingsOptionContainers.swift; sourceTree = "<group>"; };
		6C12B9122A4DE47000FB54CF /* OffsetModifier.swift */ = {isa = PBXFileReference; lastKnownFileType = sourcecode.swift; path = OffsetModifier.swift; sourceTree = "<group>"; };
		6C15FAE52A31CBCB00C77AB1 /* Color+Extension.swift */ = {isa = PBXFileReference; lastKnownFileType = sourcecode.swift; path = "Color+Extension.swift"; sourceTree = "<group>"; };
		6C15FAE72A31D24200C77AB1 /* PageHeader.swift */ = {isa = PBXFileReference; lastKnownFileType = sourcecode.swift; path = PageHeader.swift; sourceTree = "<group>"; };
		6C15FAE92A31D83300C77AB1 /* ContinueSection.swift */ = {isa = PBXFileReference; lastKnownFileType = sourcecode.swift; path = ContinueSection.swift; sourceTree = "<group>"; };
		6C15FAF32A31FC1000C77AB1 /* StoryPreview.swift */ = {isa = PBXFileReference; lastKnownFileType = sourcecode.swift; path = StoryPreview.swift; sourceTree = "<group>"; };
		6C17B6462A30FCB100552CB7 /* Icons.swift */ = {isa = PBXFileReference; lastKnownFileType = sourcecode.swift; path = Icons.swift; sourceTree = "<group>"; };
		6C17B6492A30FD9100552CB7 /* TabModel.swift */ = {isa = PBXFileReference; lastKnownFileType = sourcecode.swift; path = TabModel.swift; sourceTree = "<group>"; };
		6C17B64B2A30FDE400552CB7 /* Strings.swift */ = {isa = PBXFileReference; lastKnownFileType = sourcecode.swift; path = Strings.swift; sourceTree = "<group>"; };
		6C17B64D2A31037000552CB7 /* VocabularyView.swift */ = {isa = PBXFileReference; lastKnownFileType = sourcecode.swift; path = VocabularyView.swift; sourceTree = "<group>"; };
		6C17B64F2A31037C00552CB7 /* ProfileView.swift */ = {isa = PBXFileReference; lastKnownFileType = sourcecode.swift; path = ProfileView.swift; sourceTree = "<group>"; };
		6C17B6512A31038900552CB7 /* SettingsView.swift */ = {isa = PBXFileReference; lastKnownFileType = sourcecode.swift; path = SettingsView.swift; sourceTree = "<group>"; };
		6C17B6552A31058300552CB7 /* MainTabView.swift */ = {isa = PBXFileReference; lastKnownFileType = sourcecode.swift; path = MainTabView.swift; sourceTree = "<group>"; };
		6C1929A72A38902600A6E9C2 /* PlaybackControlButtons.swift */ = {isa = PBXFileReference; lastKnownFileType = sourcecode.swift; path = PlaybackControlButtons.swift; sourceTree = "<group>"; };
		6C1929AA2A38A75E00A6E9C2 /* VocabuleryBoxes.swift */ = {isa = PBXFileReference; lastKnownFileType = sourcecode.swift; path = VocabuleryBoxes.swift; sourceTree = "<group>"; };
		6C1B49BA2A0D263700428512 /* LearnEnglishWithStories.app */ = {isa = PBXFileReference; explicitFileType = wrapper.application; includeInIndex = 0; path = LearnEnglishWithStories.app; sourceTree = BUILT_PRODUCTS_DIR; };
		6C1B49BD2A0D263700428512 /* LearnEnglishWithStoriesApp.swift */ = {isa = PBXFileReference; lastKnownFileType = sourcecode.swift; path = LearnEnglishWithStoriesApp.swift; sourceTree = "<group>"; };
		6C1B49BF2A0D263700428512 /* ContentView.swift */ = {isa = PBXFileReference; lastKnownFileType = sourcecode.swift; path = ContentView.swift; sourceTree = "<group>"; };
		6C1B49C12A0D263800428512 /* Assets.xcassets */ = {isa = PBXFileReference; lastKnownFileType = folder.assetcatalog; path = Assets.xcassets; sourceTree = "<group>"; };
		6C1B49C42A0D263800428512 /* Preview Assets.xcassets */ = {isa = PBXFileReference; lastKnownFileType = folder.assetcatalog; path = "Preview Assets.xcassets"; sourceTree = "<group>"; };
		6C1B49C62A0D263800428512 /* Persistence.swift */ = {isa = PBXFileReference; lastKnownFileType = sourcecode.swift; path = Persistence.swift; sourceTree = "<group>"; };
		6C1B49C92A0D263800428512 /* LearnEnglishWithStories.xcdatamodel */ = {isa = PBXFileReference; lastKnownFileType = wrapper.xcdatamodel; path = LearnEnglishWithStories.xcdatamodel; sourceTree = "<group>"; };
		6C1B49D32A0D281300428512 /* FeatuderImages.swift */ = {isa = PBXFileReference; lastKnownFileType = sourcecode.swift; path = FeatuderImages.swift; sourceTree = "<group>"; };
		6C29D8632A321EB300D0408B /* StoryPreviewHeader.swift */ = {isa = PBXFileReference; lastKnownFileType = sourcecode.swift; path = StoryPreviewHeader.swift; sourceTree = "<group>"; };
		6C3276052A4C2026009ECD1F /* FeaturedNews.swift */ = {isa = PBXFileReference; lastKnownFileType = sourcecode.swift; path = FeaturedNews.swift; sourceTree = "<group>"; };
		6C3276082A4C4531009ECD1F /* ArchiveService.swift */ = {isa = PBXFileReference; lastKnownFileType = sourcecode.swift; path = ArchiveService.swift; sourceTree = "<group>"; };
		6C3442A12A27325D0086CB33 /* StoryScreen.swift */ = {isa = PBXFileReference; lastKnownFileType = sourcecode.swift; path = StoryScreen.swift; sourceTree = "<group>"; };
		6C3816AF2A30A22C000E498F /* DialogsFeatured.swift */ = {isa = PBXFileReference; lastKnownFileType = sourcecode.swift; path = DialogsFeatured.swift; sourceTree = "<group>"; };
		6C3DF1DD2A44714B00A3EFCC /* AuthHeader.swift */ = {isa = PBXFileReference; lastKnownFileType = sourcecode.swift; path = AuthHeader.swift; sourceTree = "<group>"; };
		6C44ECB72A3DAF6600053B8F /* UserModel.swift */ = {isa = PBXFileReference; lastKnownFileType = sourcecode.swift; path = UserModel.swift; sourceTree = "<group>"; };
		6C55FC352A348320000DFCEC /* TextFieldAnimation.swift */ = {isa = PBXFileReference; lastKnownFileType = sourcecode.swift; path = TextFieldAnimation.swift; sourceTree = "<group>"; };
		6C59AAE42A40E2AA00CBAAE9 /* Info.plist */ = {isa = PBXFileReference; lastKnownFileType = text.plist; path = Info.plist; sourceTree = "<group>"; };
		6C701AEB2A3DFF1F00D21E2E /* DialogContainer.swift */ = {isa = PBXFileReference; lastKnownFileType = sourcecode.swift; path = DialogContainer.swift; sourceTree = "<group>"; };
		6C701AED2A3F02BC00D21E2E /* GoogleService-Info.plist */ = {isa = PBXFileReference; fileEncoding = 4; lastKnownFileType = text.plist.xml; name = "GoogleService-Info.plist"; path = "../../../../Downloads/GoogleService-Info.plist"; sourceTree = "<group>"; };
		6C701AF82A3F12C000D21E2E /* ArticlesViewModel.swift */ = {isa = PBXFileReference; lastKnownFileType = sourcecode.swift; path = ArticlesViewModel.swift; sourceTree = "<group>"; };
		6C70AF872A424C1C00BA69A6 /* SplashView.swift */ = {isa = PBXFileReference; lastKnownFileType = sourcecode.swift; path = SplashView.swift; sourceTree = "<group>"; };
		6CAE86D82A4443F300F2DE58 /* PageSettingsDialogView.swift */ = {isa = PBXFileReference; lastKnownFileType = sourcecode.swift; path = PageSettingsDialogView.swift; sourceTree = "<group>"; };
		6CAE86DB2A444A5000F2DE58 /* AuthenticationWithMail.swift */ = {isa = PBXFileReference; lastKnownFileType = sourcecode.swift; path = AuthenticationWithMail.swift; sourceTree = "<group>"; };
		6CC187842A26042900F9E803 /* StoryView.swift */ = {isa = PBXFileReference; lastKnownFileType = sourcecode.swift; path = StoryView.swift; sourceTree = "<group>"; };
		6CC2C4C12A332F8B00074C1E /* View+Extension.swift */ = {isa = PBXFileReference; lastKnownFileType = sourcecode.swift; path = "View+Extension.swift"; sourceTree = "<group>"; };
		6CC9E9902A457AA500B0926A /* LabelDivider.swift */ = {isa = PBXFileReference; lastKnownFileType = sourcecode.swift; path = LabelDivider.swift; sourceTree = "<group>"; };
		6CC9E9922A4598AF00B0926A /* SignupView.swift */ = {isa = PBXFileReference; lastKnownFileType = sourcecode.swift; path = SignupView.swift; sourceTree = "<group>"; };
		6CCBA09E2A4A14A9000A9F78 /* ArticleHeadline.swift */ = {isa = PBXFileReference; lastKnownFileType = sourcecode.swift; path = ArticleHeadline.swift; sourceTree = "<group>"; };
		6CCBA0A42A4A163A000A9F78 /* ArticleModel.swift */ = {isa = PBXFileReference; lastKnownFileType = sourcecode.swift; path = ArticleModel.swift; sourceTree = "<group>"; };
		6CD728D82A2B56AA00A9A110 /* Font+Extension.swift */ = {isa = PBXFileReference; lastKnownFileType = sourcecode.swift; path = "Font+Extension.swift"; sourceTree = "<group>"; };
		6CD728E02A2B5BA200A9A110 /* FeaturedView.swift */ = {isa = PBXFileReference; lastKnownFileType = sourcecode.swift; path = FeaturedView.swift; sourceTree = "<group>"; };
		6CDA2A922A39F61B00535EDA /* 1_2.mp3 */ = {isa = PBXFileReference; lastKnownFileType = audio.mp3; name = 1_2.mp3; path = ../../../../../Downloads/1_2.mp3; sourceTree = "<group>"; };
		6CDD15C62A3B4FC500C40080 /* StoryScreenViewModel.swift */ = {isa = PBXFileReference; lastKnownFileType = sourcecode.swift; path = StoryScreenViewModel.swift; sourceTree = "<group>"; };
		6CDD15C82A3B672100C40080 /* LastlyAdded.swift */ = {isa = PBXFileReference; lastKnownFileType = sourcecode.swift; path = LastlyAdded.swift; sourceTree = "<group>"; };
		6CDD15CA2A3B67E800C40080 /* LastlyAddedView.swift */ = {isa = PBXFileReference; lastKnownFileType = sourcecode.swift; path = LastlyAddedView.swift; sourceTree = "<group>"; };
		6CE66B312A4CBFD200B1E502 /* ArchiveViewModel.swift */ = {isa = PBXFileReference; lastKnownFileType = sourcecode.swift; path = ArchiveViewModel.swift; sourceTree = "<group>"; };
		6CE66B332A4CC89E00B1E502 /* ReadNow.swift */ = {isa = PBXFileReference; lastKnownFileType = sourcecode.swift; path = ReadNow.swift; sourceTree = "<group>"; };
		6CE7081A2A374A7000B8C853 /* LevelBar.swift */ = {isa = PBXFileReference; lastKnownFileType = sourcecode.swift; path = LevelBar.swift; sourceTree = "<group>"; };
		6CE7081C2A374AF700B8C853 /* MedalView.swift */ = {isa = PBXFileReference; lastKnownFileType = sourcecode.swift; path = MedalView.swift; sourceTree = "<group>"; };
		6CE7081E2A3752DA00B8C853 /* MedalModel.swift */ = {isa = PBXFileReference; lastKnownFileType = sourcecode.swift; path = MedalModel.swift; sourceTree = "<group>"; };
		6CEFB6012A45EE6E0024AFFF /* AuthViewModel.swift */ = {isa = PBXFileReference; lastKnownFileType = sourcecode.swift; path = AuthViewModel.swift; sourceTree = "<group>"; };
		6CEFB6062A4622E40024AFFF /* SlidingWelcomes.swift */ = {isa = PBXFileReference; lastKnownFileType = sourcecode.swift; path = SlidingWelcomes.swift; sourceTree = "<group>"; };
/* End PBXFileReference section */

/* Begin PBXFrameworksBuildPhase section */
		6C1B49B72A0D263700428512 /* Frameworks */ = {
			isa = PBXFrameworksBuildPhase;
			buildActionMask = 2147483647;
			files = (
				6C701AF32A3F038B00D21E2E /* FirebaseDatabase in Frameworks */,
				6C701AF72A3F038B00D21E2E /* FirebaseStorage in Frameworks */,
				6C701AF12A3F038B00D21E2E /* FirebaseAuth in Frameworks */,
				6C701AF52A3F038B00D21E2E /* FirebaseFirestore in Frameworks */,
				6C59AAE32A40862F00CBAAE9 /* Kingfisher in Frameworks */,
				6CCBA0A12A4A156E000A9F78 /* FirebaseFirestoreSwift in Frameworks */,
			);
			runOnlyForDeploymentPostprocessing = 0;
		};
/* End PBXFrameworksBuildPhase section */

/* Begin PBXGroup section */
		6C010EC22A2738CB00538D83 /* Models */ = {
			isa = PBXGroup;
			children = (
				6C17B6492A30FD9100552CB7 /* TabModel.swift */,
				6CE7081E2A3752DA00B8C853 /* MedalModel.swift */,
				6C44ECB72A3DAF6600053B8F /* UserModel.swift */,
				6CCBA0A42A4A163A000A9F78 /* ArticleModel.swift */,
			);
			path = Models;
			sourceTree = "<group>";
		};
		6C15FAED2A31E9DC00C77AB1 /* Sounds */ = {
			isa = PBXGroup;
			children = (
				6CDA2A922A39F61B00535EDA /* 1_2.mp3 */,
			);
			path = Sounds;
			sourceTree = "<group>";
		};
		6C17B6452A30FC9B00552CB7 /* Enums */ = {
			isa = PBXGroup;
			children = (
				6C17B6462A30FCB100552CB7 /* Icons.swift */,
				6C17B64B2A30FDE400552CB7 /* Strings.swift */,
			);
			path = Enums;
			sourceTree = "<group>";
		};
		6C1929A62A388FFC00A6E9C2 /* StoryScreenSubViews */ = {
			isa = PBXGroup;
			children = (
				6C1929A72A38902600A6E9C2 /* PlaybackControlButtons.swift */,
			);
			path = StoryScreenSubViews;
			sourceTree = "<group>";
		};
		6C1929A92A38A74000A6E9C2 /* VocabularySubViews */ = {
			isa = PBXGroup;
			children = (
				6C1929AA2A38A75E00A6E9C2 /* VocabuleryBoxes.swift */,
			);
			path = VocabularySubViews;
			sourceTree = "<group>";
		};
		6C1B49B12A0D263700428512 = {
			isa = PBXGroup;
			children = (
				6C1B49BC2A0D263700428512 /* LearnEnglishWithStories */,
				6C1B49BB2A0D263700428512 /* Products */,
				6CEFB6032A45FF470024AFFF /* Frameworks */,
			);
			sourceTree = "<group>";
		};
		6C1B49BB2A0D263700428512 /* Products */ = {
			isa = PBXGroup;
			children = (
				6C1B49BA2A0D263700428512 /* LearnEnglishWithStories.app */,
			);
			name = Products;
			sourceTree = "<group>";
		};
		6C1B49BC2A0D263700428512 /* LearnEnglishWithStories */ = {
			isa = PBXGroup;
			children = (
				6C3276072A4C44AF009ECD1F /* Service */,
				6C59AAE42A40E2AA00CBAAE9 /* Info.plist */,
				6C701AED2A3F02BC00D21E2E /* GoogleService-Info.plist */,
				6CDD15C52A3B4FB200C40080 /* ViewModes */,
				6C55FC342A348310000DFCEC /* Utils */,
				6C15FAED2A31E9DC00C77AB1 /* Sounds */,
				6C17B6452A30FC9B00552CB7 /* Enums */,
				6CD728D52A2B564B00A9A110 /* Extensions */,
				6C010EC22A2738CB00538D83 /* Models */,
				6CE26F242A111874003181C5 /* Views */,
				6CE26F232A111841003181C5 /* Subviews */,
				6C1B49BD2A0D263700428512 /* LearnEnglishWithStoriesApp.swift */,
				6C1B49BF2A0D263700428512 /* ContentView.swift */,
				6C1B49C12A0D263800428512 /* Assets.xcassets */,
				6C1B49C62A0D263800428512 /* Persistence.swift */,
				6C1B49C82A0D263800428512 /* LearnEnglishWithStories.xcdatamodeld */,
				6C1B49C32A0D263800428512 /* Preview Content */,
			);
			path = LearnEnglishWithStories;
			sourceTree = "<group>";
		};
		6C1B49C32A0D263800428512 /* Preview Content */ = {
			isa = PBXGroup;
			children = (
				6C1B49C42A0D263800428512 /* Preview Assets.xcassets */,
			);
			path = "Preview Content";
			sourceTree = "<group>";
		};
		6C3276072A4C44AF009ECD1F /* Service */ = {
			isa = PBXGroup;
			children = (
				6C3276082A4C4531009ECD1F /* ArchiveService.swift */,
			);
			path = Service;
			sourceTree = "<group>";
		};
		6C55FC342A348310000DFCEC /* Utils */ = {
			isa = PBXGroup;
			children = (
				6C55FC352A348320000DFCEC /* TextFieldAnimation.swift */,
				6C12B9122A4DE47000FB54CF /* OffsetModifier.swift */,
			);
			path = Utils;
			sourceTree = "<group>";
		};
		6CAE86DA2A4448BF00F2DE58 /* Auth */ = {
			isa = PBXGroup;
			children = (
				6CAE86DB2A444A5000F2DE58 /* AuthenticationWithMail.swift */,
				6CC9E9922A4598AF00B0926A /* SignupView.swift */,
			);
			path = Auth;
			sourceTree = "<group>";
		};
		6CD728D52A2B564B00A9A110 /* Extensions */ = {
			isa = PBXGroup;
			children = (
				6CD728D82A2B56AA00A9A110 /* Font+Extension.swift */,
				6C15FAE52A31CBCB00C77AB1 /* Color+Extension.swift */,
				6CC2C4C12A332F8B00074C1E /* View+Extension.swift */,
			);
			path = Extensions;
			sourceTree = "<group>";
		};
		6CDD15C52A3B4FB200C40080 /* ViewModes */ = {
			isa = PBXGroup;
			children = (
				6C010EC32A2738DC00538D83 /* MainViewModel.swift */,
				6CDD15C62A3B4FC500C40080 /* StoryScreenViewModel.swift */,
				6C701AF82A3F12C000D21E2E /* ArticlesViewModel.swift */,
				6CEFB6012A45EE6E0024AFFF /* AuthViewModel.swift */,
				6CE66B312A4CBFD200B1E502 /* ArchiveViewModel.swift */,
			);
			path = ViewModes;
			sourceTree = "<group>";
		};
		6CE26F232A111841003181C5 /* Subviews */ = {
			isa = PBXGroup;
			children = (
				6C1929A92A38A74000A6E9C2 /* VocabularySubViews */,
				6C1929A62A388FFC00A6E9C2 /* StoryScreenSubViews */,
				6CE708152A37453900B8C853 /* ProfileSubviews */,
				6C1B49D32A0D281300428512 /* FeatuderImages.swift */,
				6CD728E02A2B5BA200A9A110 /* FeaturedView.swift */,
				6C3816AF2A30A22C000E498F /* DialogsFeatured.swift */,
				6C17B6552A31058300552CB7 /* MainTabView.swift */,
				6C15FAE72A31D24200C77AB1 /* PageHeader.swift */,
				6C15FAE92A31D83300C77AB1 /* ContinueSection.swift */,
				6C29D8632A321EB300D0408B /* StoryPreviewHeader.swift */,
				6C0EC67C2A35FF4E0058A372 /* SettingsOptionContainers.swift */,
				6CDD15C82A3B672100C40080 /* LastlyAdded.swift */,
				6CDD15CA2A3B67E800C40080 /* LastlyAddedView.swift */,
				6C701AEB2A3DFF1F00D21E2E /* DialogContainer.swift */,
				6CAE86D82A4443F300F2DE58 /* PageSettingsDialogView.swift */,
				6C3DF1DD2A44714B00A3EFCC /* AuthHeader.swift */,
				6CC9E9902A457AA500B0926A /* LabelDivider.swift */,
				6CEFB6062A4622E40024AFFF /* SlidingWelcomes.swift */,
				6CCBA09E2A4A14A9000A9F78 /* ArticleHeadline.swift */,
				6C3276052A4C2026009ECD1F /* FeaturedNews.swift */,
				6CE66B332A4CC89E00B1E502 /* ReadNow.swift */,
			);
			path = Subviews;
			sourceTree = "<group>";
		};
		6CE26F242A111874003181C5 /* Views */ = {
			isa = PBXGroup;
			children = (
				6CAE86DA2A4448BF00F2DE58 /* Auth */,
				6CC187842A26042900F9E803 /* StoryView.swift */,
				6C3442A12A27325D0086CB33 /* StoryScreen.swift */,
				6C010EC52A274D9D00538D83 /* MainView.swift */,
				6C17B64D2A31037000552CB7 /* VocabularyView.swift */,
				6C17B64F2A31037C00552CB7 /* ProfileView.swift */,
				6C17B6512A31038900552CB7 /* SettingsView.swift */,
				6C15FAF32A31FC1000C77AB1 /* StoryPreview.swift */,
				6C0EC6782A35E3B80058A372 /* MyVocabuleryView.swift */,
				6C0EC67A2A35E3C10058A372 /* MyNotesView.swift */,
				6C70AF872A424C1C00BA69A6 /* SplashView.swift */,
				6C0C1D962A52C51E00E461CC /* PaywallView.swift */,
			);
			path = Views;
			sourceTree = "<group>";
		};
		6CE708152A37453900B8C853 /* ProfileSubviews */ = {
			isa = PBXGroup;
			children = (
				6CE7081A2A374A7000B8C853 /* LevelBar.swift */,
				6CE7081C2A374AF700B8C853 /* MedalView.swift */,
			);
			path = ProfileSubviews;
			sourceTree = "<group>";
		};
		6CEFB6032A45FF470024AFFF /* Frameworks */ = {
			isa = PBXGroup;
			children = (
			);
			name = Frameworks;
			sourceTree = "<group>";
		};
/* End PBXGroup section */

/* Begin PBXNativeTarget section */
		6C1B49B92A0D263700428512 /* LearnEnglishWithStories */ = {
			isa = PBXNativeTarget;
			buildConfigurationList = 6C1B49CD2A0D263800428512 /* Build configuration list for PBXNativeTarget "LearnEnglishWithStories" */;
			buildPhases = (
				6C1B49B62A0D263700428512 /* Sources */,
				6C1B49B72A0D263700428512 /* Frameworks */,
				6C1B49B82A0D263700428512 /* Resources */,
			);
			buildRules = (
			);
			dependencies = (
			);
			name = LearnEnglishWithStories;
			packageProductDependencies = (
				6C701AF02A3F038B00D21E2E /* FirebaseAuth */,
				6C701AF22A3F038B00D21E2E /* FirebaseDatabase */,
				6C701AF42A3F038B00D21E2E /* FirebaseFirestore */,
				6C701AF62A3F038B00D21E2E /* FirebaseStorage */,
				6C59AAE22A40862F00CBAAE9 /* Kingfisher */,
				6CCBA0A02A4A156E000A9F78 /* FirebaseFirestoreSwift */,
			);
			productName = LearnEnglishWithStories;
			productReference = 6C1B49BA2A0D263700428512 /* LearnEnglishWithStories.app */;
			productType = "com.apple.product-type.application";
		};
/* End PBXNativeTarget section */

/* Begin PBXProject section */
		6C1B49B22A0D263700428512 /* Project object */ = {
			isa = PBXProject;
			attributes = {
				BuildIndependentTargetsInParallel = 1;
				LastSwiftUpdateCheck = 1430;
				LastUpgradeCheck = 1430;
				TargetAttributes = {
					6C1B49B92A0D263700428512 = {
						CreatedOnToolsVersion = 14.3;
					};
				};
			};
			buildConfigurationList = 6C1B49B52A0D263700428512 /* Build configuration list for PBXProject "LearnEnglishWithStories" */;
			compatibilityVersion = "Xcode 14.0";
			developmentRegion = en;
			hasScannedForEncodings = 0;
			knownRegions = (
				en,
				Base,
			);
			mainGroup = 6C1B49B12A0D263700428512;
			packageReferences = (
				6C701AEF2A3F038B00D21E2E /* XCRemoteSwiftPackageReference "firebase-ios-sdk" */,
				6C59AAE12A40862F00CBAAE9 /* XCRemoteSwiftPackageReference "Kingfisher" */,
			);
			productRefGroup = 6C1B49BB2A0D263700428512 /* Products */;
			projectDirPath = "";
			projectRoot = "";
			targets = (
				6C1B49B92A0D263700428512 /* LearnEnglishWithStories */,
			);
		};
/* End PBXProject section */

/* Begin PBXResourcesBuildPhase section */
		6C1B49B82A0D263700428512 /* Resources */ = {
			isa = PBXResourcesBuildPhase;
			buildActionMask = 2147483647;
			files = (
				6C1B49C52A0D263800428512 /* Preview Assets.xcassets in Resources */,
				6C701AEE2A3F02BC00D21E2E /* GoogleService-Info.plist in Resources */,
				6C1B49C22A0D263800428512 /* Assets.xcassets in Resources */,
				6CDA2A932A39F61B00535EDA /* 1_2.mp3 in Resources */,
			);
			runOnlyForDeploymentPostprocessing = 0;
		};
/* End PBXResourcesBuildPhase section */

/* Begin PBXSourcesBuildPhase section */
		6C1B49B62A0D263700428512 /* Sources */ = {
			isa = PBXSourcesBuildPhase;
			buildActionMask = 2147483647;
			files = (
				6C15FAF42A31FC1000C77AB1 /* StoryPreview.swift in Sources */,
				6C70AF882A424C1C00BA69A6 /* SplashView.swift in Sources */,
				6C1B49D42A0D281300428512 /* FeatuderImages.swift in Sources */,
				6C17B64A2A30FD9100552CB7 /* TabModel.swift in Sources */,
				6CAE86D92A4443F300F2DE58 /* PageSettingsDialogView.swift in Sources */,
				6C17B64E2A31037000552CB7 /* VocabularyView.swift in Sources */,
				6C3276092A4C4531009ECD1F /* ArchiveService.swift in Sources */,
				6C15FAE82A31D24200C77AB1 /* PageHeader.swift in Sources */,
				6C1929AB2A38A75E00A6E9C2 /* VocabuleryBoxes.swift in Sources */,
				6C17B6522A31038900552CB7 /* SettingsView.swift in Sources */,
				6C0EC6792A35E3B80058A372 /* MyVocabuleryView.swift in Sources */,
				6CCBA0A52A4A163A000A9F78 /* ArticleModel.swift in Sources */,
				6CE66B322A4CBFD200B1E502 /* ArchiveViewModel.swift in Sources */,
				6C1B49C72A0D263800428512 /* Persistence.swift in Sources */,
				6C17B6562A31058300552CB7 /* MainTabView.swift in Sources */,
				6CC9E9932A4598AF00B0926A /* SignupView.swift in Sources */,
				6CD728D92A2B56AA00A9A110 /* Font+Extension.swift in Sources */,
				6C701AEC2A3DFF1F00D21E2E /* DialogContainer.swift in Sources */,
				6CDD15C92A3B672100C40080 /* LastlyAdded.swift in Sources */,
				6C3276062A4C2026009ECD1F /* FeaturedNews.swift in Sources */,
				6CC9E9912A457AA500B0926A /* LabelDivider.swift in Sources */,
				6C1B49CA2A0D263800428512 /* LearnEnglishWithStories.xcdatamodeld in Sources */,
				6CC2C4C22A332F8B00074C1E /* View+Extension.swift in Sources */,
				6C010EC62A274D9D00538D83 /* MainView.swift in Sources */,
				6C0EC67B2A35E3C10058A372 /* MyNotesView.swift in Sources */,
				6CAE86DC2A444A5000F2DE58 /* AuthenticationWithMail.swift in Sources */,
				6C55FC362A348320000DFCEC /* TextFieldAnimation.swift in Sources */,
				6CEFB6022A45EE6E0024AFFF /* AuthViewModel.swift in Sources */,
				6CC187852A26042900F9E803 /* StoryView.swift in Sources */,
				6C44ECB82A3DAF6600053B8F /* UserModel.swift in Sources */,
				6CDD15C72A3B4FC500C40080 /* StoryScreenViewModel.swift in Sources */,
				6C3442A22A27325D0086CB33 /* StoryScreen.swift in Sources */,
				6C12B9132A4DE47000FB54CF /* OffsetModifier.swift in Sources */,
				6C15FAE62A31CBCB00C77AB1 /* Color+Extension.swift in Sources */,
				6CCBA09F2A4A14A9000A9F78 /* ArticleHeadline.swift in Sources */,
				6C17B6502A31037C00552CB7 /* ProfileView.swift in Sources */,
				6C701AF92A3F12C000D21E2E /* ArticlesViewModel.swift in Sources */,
				6C0EC67D2A35FF4E0058A372 /* SettingsOptionContainers.swift in Sources */,
				6C29D8642A321EB300D0408B /* StoryPreviewHeader.swift in Sources */,
				6CE7081F2A3752DA00B8C853 /* MedalModel.swift in Sources */,
				6CDD15CB2A3B67E800C40080 /* LastlyAddedView.swift in Sources */,
				6CD728E12A2B5BA200A9A110 /* FeaturedView.swift in Sources */,
				6CE7081B2A374A7000B8C853 /* LevelBar.swift in Sources */,
				6C17B6472A30FCB100552CB7 /* Icons.swift in Sources */,
				6CEFB6072A4622E40024AFFF /* SlidingWelcomes.swift in Sources */,
				6C3DF1DE2A44714B00A3EFCC /* AuthHeader.swift in Sources */,
				6C15FAEA2A31D83300C77AB1 /* ContinueSection.swift in Sources */,
				6C3816B02A30A22C000E498F /* DialogsFeatured.swift in Sources */,
				6C17B64C2A30FDE400552CB7 /* Strings.swift in Sources */,
				6C0C1D972A52C51E00E461CC /* PaywallView.swift in Sources */,
				6CE7081D2A374AF700B8C853 /* MedalView.swift in Sources */,
				6C1B49C02A0D263700428512 /* ContentView.swift in Sources */,
				6CE66B342A4CC89E00B1E502 /* ReadNow.swift in Sources */,
				6C1B49BE2A0D263700428512 /* LearnEnglishWithStoriesApp.swift in Sources */,
				6C010EC42A2738DC00538D83 /* MainViewModel.swift in Sources */,
				6C1929A82A38902600A6E9C2 /* PlaybackControlButtons.swift in Sources */,
			);
			runOnlyForDeploymentPostprocessing = 0;
		};
/* End PBXSourcesBuildPhase section */

/* Begin XCBuildConfiguration section */
		6C1B49CB2A0D263800428512 /* Debug */ = {
			isa = XCBuildConfiguration;
			buildSettings = {
				ALWAYS_SEARCH_USER_PATHS = NO;
				CLANG_ANALYZER_NONNULL = YES;
				CLANG_ANALYZER_NUMBER_OBJECT_CONVERSION = YES_AGGRESSIVE;
				CLANG_CXX_LANGUAGE_STANDARD = "gnu++20";
				CLANG_ENABLE_MODULES = YES;
				CLANG_ENABLE_OBJC_ARC = YES;
				CLANG_ENABLE_OBJC_WEAK = YES;
				CLANG_WARN_BLOCK_CAPTURE_AUTORELEASING = YES;
				CLANG_WARN_BOOL_CONVERSION = YES;
				CLANG_WARN_COMMA = YES;
				CLANG_WARN_CONSTANT_CONVERSION = YES;
				CLANG_WARN_DEPRECATED_OBJC_IMPLEMENTATIONS = YES;
				CLANG_WARN_DIRECT_OBJC_ISA_USAGE = YES_ERROR;
				CLANG_WARN_DOCUMENTATION_COMMENTS = YES;
				CLANG_WARN_EMPTY_BODY = YES;
				CLANG_WARN_ENUM_CONVERSION = YES;
				CLANG_WARN_INFINITE_RECURSION = YES;
				CLANG_WARN_INT_CONVERSION = YES;
				CLANG_WARN_NON_LITERAL_NULL_CONVERSION = YES;
				CLANG_WARN_OBJC_IMPLICIT_RETAIN_SELF = YES;
				CLANG_WARN_OBJC_LITERAL_CONVERSION = YES;
				CLANG_WARN_OBJC_ROOT_CLASS = YES_ERROR;
				CLANG_WARN_QUOTED_INCLUDE_IN_FRAMEWORK_HEADER = YES;
				CLANG_WARN_RANGE_LOOP_ANALYSIS = YES;
				CLANG_WARN_STRICT_PROTOTYPES = YES;
				CLANG_WARN_SUSPICIOUS_MOVE = YES;
				CLANG_WARN_UNGUARDED_AVAILABILITY = YES_AGGRESSIVE;
				CLANG_WARN_UNREACHABLE_CODE = YES;
				CLANG_WARN__DUPLICATE_METHOD_MATCH = YES;
				COPY_PHASE_STRIP = NO;
				DEBUG_INFORMATION_FORMAT = dwarf;
				ENABLE_STRICT_OBJC_MSGSEND = YES;
				ENABLE_TESTABILITY = YES;
				GCC_C_LANGUAGE_STANDARD = gnu11;
				GCC_DYNAMIC_NO_PIC = NO;
				GCC_NO_COMMON_BLOCKS = YES;
				GCC_OPTIMIZATION_LEVEL = 0;
				GCC_PREPROCESSOR_DEFINITIONS = (
					"DEBUG=1",
					"$(inherited)",
				);
				GCC_WARN_64_TO_32_BIT_CONVERSION = YES;
				GCC_WARN_ABOUT_RETURN_TYPE = YES_ERROR;
				GCC_WARN_UNDECLARED_SELECTOR = YES;
				GCC_WARN_UNINITIALIZED_AUTOS = YES_AGGRESSIVE;
				GCC_WARN_UNUSED_FUNCTION = YES;
				GCC_WARN_UNUSED_VARIABLE = YES;
				IPHONEOS_DEPLOYMENT_TARGET = 16.4;
				MTL_ENABLE_DEBUG_INFO = INCLUDE_SOURCE;
				MTL_FAST_MATH = YES;
				ONLY_ACTIVE_ARCH = YES;
				SDKROOT = iphoneos;
				SWIFT_ACTIVE_COMPILATION_CONDITIONS = DEBUG;
				SWIFT_OPTIMIZATION_LEVEL = "-Onone";
			};
			name = Debug;
		};
		6C1B49CC2A0D263800428512 /* Release */ = {
			isa = XCBuildConfiguration;
			buildSettings = {
				ALWAYS_SEARCH_USER_PATHS = NO;
				CLANG_ANALYZER_NONNULL = YES;
				CLANG_ANALYZER_NUMBER_OBJECT_CONVERSION = YES_AGGRESSIVE;
				CLANG_CXX_LANGUAGE_STANDARD = "gnu++20";
				CLANG_ENABLE_MODULES = YES;
				CLANG_ENABLE_OBJC_ARC = YES;
				CLANG_ENABLE_OBJC_WEAK = YES;
				CLANG_WARN_BLOCK_CAPTURE_AUTORELEASING = YES;
				CLANG_WARN_BOOL_CONVERSION = YES;
				CLANG_WARN_COMMA = YES;
				CLANG_WARN_CONSTANT_CONVERSION = YES;
				CLANG_WARN_DEPRECATED_OBJC_IMPLEMENTATIONS = YES;
				CLANG_WARN_DIRECT_OBJC_ISA_USAGE = YES_ERROR;
				CLANG_WARN_DOCUMENTATION_COMMENTS = YES;
				CLANG_WARN_EMPTY_BODY = YES;
				CLANG_WARN_ENUM_CONVERSION = YES;
				CLANG_WARN_INFINITE_RECURSION = YES;
				CLANG_WARN_INT_CONVERSION = YES;
				CLANG_WARN_NON_LITERAL_NULL_CONVERSION = YES;
				CLANG_WARN_OBJC_IMPLICIT_RETAIN_SELF = YES;
				CLANG_WARN_OBJC_LITERAL_CONVERSION = YES;
				CLANG_WARN_OBJC_ROOT_CLASS = YES_ERROR;
				CLANG_WARN_QUOTED_INCLUDE_IN_FRAMEWORK_HEADER = YES;
				CLANG_WARN_RANGE_LOOP_ANALYSIS = YES;
				CLANG_WARN_STRICT_PROTOTYPES = YES;
				CLANG_WARN_SUSPICIOUS_MOVE = YES;
				CLANG_WARN_UNGUARDED_AVAILABILITY = YES_AGGRESSIVE;
				CLANG_WARN_UNREACHABLE_CODE = YES;
				CLANG_WARN__DUPLICATE_METHOD_MATCH = YES;
				COPY_PHASE_STRIP = NO;
				DEBUG_INFORMATION_FORMAT = "dwarf-with-dsym";
				ENABLE_NS_ASSERTIONS = NO;
				ENABLE_STRICT_OBJC_MSGSEND = YES;
				GCC_C_LANGUAGE_STANDARD = gnu11;
				GCC_NO_COMMON_BLOCKS = YES;
				GCC_WARN_64_TO_32_BIT_CONVERSION = YES;
				GCC_WARN_ABOUT_RETURN_TYPE = YES_ERROR;
				GCC_WARN_UNDECLARED_SELECTOR = YES;
				GCC_WARN_UNINITIALIZED_AUTOS = YES_AGGRESSIVE;
				GCC_WARN_UNUSED_FUNCTION = YES;
				GCC_WARN_UNUSED_VARIABLE = YES;
				IPHONEOS_DEPLOYMENT_TARGET = 16.4;
				MTL_ENABLE_DEBUG_INFO = NO;
				MTL_FAST_MATH = YES;
				SDKROOT = iphoneos;
				SWIFT_COMPILATION_MODE = wholemodule;
				SWIFT_OPTIMIZATION_LEVEL = "-O";
				VALIDATE_PRODUCT = YES;
			};
			name = Release;
		};
		6C1B49CE2A0D263800428512 /* Debug */ = {
			isa = XCBuildConfiguration;
			buildSettings = {
				ASSETCATALOG_COMPILER_APPICON_NAME = AppIcon;
				ASSETCATALOG_COMPILER_GLOBAL_ACCENT_COLOR_NAME = AccentColor;
				CODE_SIGN_STYLE = Automatic;
				CURRENT_PROJECT_VERSION = 1;
				DEVELOPMENT_ASSET_PATHS = "\"LearnEnglishWithStories/Preview Content\"";
				DEVELOPMENT_TEAM = KC9Z5ZJF65;
				ENABLE_PREVIEWS = YES;
				GENERATE_INFOPLIST_FILE = YES;
				INFOPLIST_FILE = LearnEnglishWithStories/Info.plist;
				INFOPLIST_KEY_UIApplicationSceneManifest_Generation = YES;
				INFOPLIST_KEY_UIApplicationSupportsIndirectInputEvents = YES;
				INFOPLIST_KEY_UILaunchScreen_Generation = YES;
				INFOPLIST_KEY_UISupportedInterfaceOrientations_iPad = "UIInterfaceOrientationPortrait UIInterfaceOrientationPortraitUpsideDown UIInterfaceOrientationLandscapeLeft UIInterfaceOrientationLandscapeRight";
				INFOPLIST_KEY_UISupportedInterfaceOrientations_iPhone = "UIInterfaceOrientationPortrait UIInterfaceOrientationLandscapeLeft UIInterfaceOrientationLandscapeRight";
				LD_RUNPATH_SEARCH_PATHS = (
					"$(inherited)",
					"@executable_path/Frameworks",
				);
				MARKETING_VERSION = 1.0;
				PRODUCT_BUNDLE_IDENTIFIER = com.404ibra.LearnEnglishWithStories;
				PRODUCT_NAME = "$(TARGET_NAME)";
				SWIFT_EMIT_LOC_STRINGS = YES;
				SWIFT_VERSION = 5.0;
				TARGETED_DEVICE_FAMILY = "1,2";
			};
			name = Debug;
		};
		6C1B49CF2A0D263800428512 /* Release */ = {
			isa = XCBuildConfiguration;
			buildSettings = {
				ASSETCATALOG_COMPILER_APPICON_NAME = AppIcon;
				ASSETCATALOG_COMPILER_GLOBAL_ACCENT_COLOR_NAME = AccentColor;
				CODE_SIGN_STYLE = Automatic;
				CURRENT_PROJECT_VERSION = 1;
				DEVELOPMENT_ASSET_PATHS = "\"LearnEnglishWithStories/Preview Content\"";
				DEVELOPMENT_TEAM = KC9Z5ZJF65;
				ENABLE_PREVIEWS = YES;
				GENERATE_INFOPLIST_FILE = YES;
				INFOPLIST_FILE = LearnEnglishWithStories/Info.plist;
				INFOPLIST_KEY_UIApplicationSceneManifest_Generation = YES;
				INFOPLIST_KEY_UIApplicationSupportsIndirectInputEvents = YES;
				INFOPLIST_KEY_UILaunchScreen_Generation = YES;
				INFOPLIST_KEY_UISupportedInterfaceOrientations_iPad = "UIInterfaceOrientationPortrait UIInterfaceOrientationPortraitUpsideDown UIInterfaceOrientationLandscapeLeft UIInterfaceOrientationLandscapeRight";
				INFOPLIST_KEY_UISupportedInterfaceOrientations_iPhone = "UIInterfaceOrientationPortrait UIInterfaceOrientationLandscapeLeft UIInterfaceOrientationLandscapeRight";
				LD_RUNPATH_SEARCH_PATHS = (
					"$(inherited)",
					"@executable_path/Frameworks",
				);
				MARKETING_VERSION = 1.0;
				PRODUCT_BUNDLE_IDENTIFIER = com.404ibra.LearnEnglishWithStories;
				PRODUCT_NAME = "$(TARGET_NAME)";
				SWIFT_EMIT_LOC_STRINGS = YES;
				SWIFT_VERSION = 5.0;
				TARGETED_DEVICE_FAMILY = "1,2";
			};
			name = Release;
		};
/* End XCBuildConfiguration section */

/* Begin XCConfigurationList section */
		6C1B49B52A0D263700428512 /* Build configuration list for PBXProject "LearnEnglishWithStories" */ = {
			isa = XCConfigurationList;
			buildConfigurations = (
				6C1B49CB2A0D263800428512 /* Debug */,
				6C1B49CC2A0D263800428512 /* Release */,
			);
			defaultConfigurationIsVisible = 0;
			defaultConfigurationName = Release;
		};
		6C1B49CD2A0D263800428512 /* Build configuration list for PBXNativeTarget "LearnEnglishWithStories" */ = {
			isa = XCConfigurationList;
			buildConfigurations = (
				6C1B49CE2A0D263800428512 /* Debug */,
				6C1B49CF2A0D263800428512 /* Release */,
			);
			defaultConfigurationIsVisible = 0;
			defaultConfigurationName = Release;
		};
/* End XCConfigurationList section */

/* Begin XCRemoteSwiftPackageReference section */
		6C59AAE12A40862F00CBAAE9 /* XCRemoteSwiftPackageReference "Kingfisher" */ = {
			isa = XCRemoteSwiftPackageReference;
			repositoryURL = "https://github.com/onevcat/Kingfisher.git";
			requirement = {
				kind = upToNextMajorVersion;
				minimumVersion = 7.0.0;
			};
		};
		6C701AEF2A3F038B00D21E2E /* XCRemoteSwiftPackageReference "firebase-ios-sdk" */ = {
			isa = XCRemoteSwiftPackageReference;
			repositoryURL = "https://github.com/firebase/firebase-ios-sdk";
			requirement = {
				kind = upToNextMajorVersion;
				minimumVersion = 10.0.0;
			};
		};
/* End XCRemoteSwiftPackageReference section */

/* Begin XCSwiftPackageProductDependency section */
		6C59AAE22A40862F00CBAAE9 /* Kingfisher */ = {
			isa = XCSwiftPackageProductDependency;
			package = 6C59AAE12A40862F00CBAAE9 /* XCRemoteSwiftPackageReference "Kingfisher" */;
			productName = Kingfisher;
		};
		6C701AF02A3F038B00D21E2E /* FirebaseAuth */ = {
			isa = XCSwiftPackageProductDependency;
			package = 6C701AEF2A3F038B00D21E2E /* XCRemoteSwiftPackageReference "firebase-ios-sdk" */;
			productName = FirebaseAuth;
		};
		6C701AF22A3F038B00D21E2E /* FirebaseDatabase */ = {
			isa = XCSwiftPackageProductDependency;
			package = 6C701AEF2A3F038B00D21E2E /* XCRemoteSwiftPackageReference "firebase-ios-sdk" */;
			productName = FirebaseDatabase;
		};
		6C701AF42A3F038B00D21E2E /* FirebaseFirestore */ = {
			isa = XCSwiftPackageProductDependency;
			package = 6C701AEF2A3F038B00D21E2E /* XCRemoteSwiftPackageReference "firebase-ios-sdk" */;
			productName = FirebaseFirestore;
		};
		6C701AF62A3F038B00D21E2E /* FirebaseStorage */ = {
			isa = XCSwiftPackageProductDependency;
			package = 6C701AEF2A3F038B00D21E2E /* XCRemoteSwiftPackageReference "firebase-ios-sdk" */;
			productName = FirebaseStorage;
		};
		6CCBA0A02A4A156E000A9F78 /* FirebaseFirestoreSwift */ = {
			isa = XCSwiftPackageProductDependency;
			package = 6C701AEF2A3F038B00D21E2E /* XCRemoteSwiftPackageReference "firebase-ios-sdk" */;
			productName = FirebaseFirestoreSwift;
		};
/* End XCSwiftPackageProductDependency section */

/* Begin XCVersionGroup section */
		6C1B49C82A0D263800428512 /* LearnEnglishWithStories.xcdatamodeld */ = {
			isa = XCVersionGroup;
			children = (
				6C1B49C92A0D263800428512 /* LearnEnglishWithStories.xcdatamodel */,
			);
			currentVersion = 6C1B49C92A0D263800428512 /* LearnEnglishWithStories.xcdatamodel */;
			path = LearnEnglishWithStories.xcdatamodeld;
			sourceTree = "<group>";
			versionGroupType = wrapper.xcdatamodel;
		};
/* End XCVersionGroup section */
	};
	rootObject = 6C1B49B22A0D263700428512 /* Project object */;
}
